
Microsoft Visual Studio Solution File, Format Version 12.00
# Visual Studio Version 16
VisualStudioVersion = 16.0.29609.76
MinimumVisualStudioVersion = 10.0.40219.1
Project("{9A19103F-16F7-4668-BE54-9A1E7A4F7556}") = "VendingMachine.Test", "VendingMachine.Test\VendingMachine.Test.csproj", "{D3B06C7D-C4EE-45C8-9220-9AD81D341F02}"
EndProject
Project("{FAE04EC0-301F-11D3-BF4B-00C04F79EFBC}") = "VendingMachine.Web", "VendingMachine.Web\VendingMachine.Web.csproj", "{BFAAFCD2-BACB-4690-916A-0B3F18BFC9E7}"
EndProject
Project("{FAE04EC0-301F-11D3-BF4B-00C04F79EFBC}") = "VendingMachine.Lib", "VendingMachine.Lib\VendingMachine.Lib.csproj", "{08B55011-E746-4AC3-A682-141681837695}"
EndProject
Global
	GlobalSection(SolutionConfigurationPlatforms) = preSolution
		Debug|Any CPU = Debug|Any CPU
		Release|Any CPU = Release|Any CPU
	EndGlobalSection
	GlobalSection(ProjectConfigurationPlatforms) = postSolution
		{D3B06C7D-C4EE-45C8-9220-9AD81D341F02}.Debug|Any CPU.ActiveCfg = Debug|Any CPU
		{D3B06C7D-C4EE-45C8-9220-9AD81D341F02}.Debug|Any CPU.Build.0 = Debug|Any CPU
		{D3B06C7D-C4EE-45C8-9220-9AD81D341F02}.Release|Any CPU.ActiveCfg = Release|Any CPU
		{D3B06C7D-C4EE-45C8-9220-9AD81D341F02}.Release|Any CPU.Build.0 = Release|Any CPU
		{BFAAFCD2-BACB-4690-916A-0B3F18BFC9E7}.Debug|Any CPU.ActiveCfg = Debug|Any CPU
		{BFAAFCD2-BACB-4690-916A-0B3F18BFC9E7}.Debug|Any CPU.Build.0 = Debug|Any CPU
		{BFAAFCD2-BACB-4690-916A-0B3F18BFC9E7}.Release|Any CPU.ActiveCfg = Release|Any CPU
		{BFAAFCD2-BACB-4690-916A-0B3F18BFC9E7}.Release|Any CPU.Build.0 = Release|Any CPU
		{08B55011-E746-4AC3-A682-141681837695}.Debug|Any CPU.ActiveCfg = Debug|Any CPU
		{08B55011-E746-4AC3-A682-141681837695}.Debug|Any CPU.Build.0 = Debug|Any CPU
		{08B55011-E746-4AC3-A682-141681837695}.Release|Any CPU.ActiveCfg = Release|Any CPU
		{08B55011-E746-4AC3-A682-141681837695}.Release|Any CPU.Build.0 = Release|Any CPU
	EndGlobalSection
	GlobalSection(SolutionProperties) = preSolution
		HideSolutionNode = FALSE
	EndGlobalSection
	GlobalSection(ExtensibilityGlobals) = postSolution
		SolutionGuid = {F8457D08-F1A5-4C6E-B6A8-BA6AB962F540}
	EndGlobalSection
EndGlobal
